
Microsoft Visual Studio Solution File, Format Version 12.00
# Visual Studio Version 17
VisualStudioVersion = 17.14.36203.30 d17.14
MinimumVisualStudioVersion = 10.0.40219.1
Project("{FAE04EC0-301F-11D3-BF4B-00C04F79EFBC}") = "PustokApp", "PustokApp\PustokApp.csproj", "{1853CCBB-2A3C-4E68-A025-4E9C716595A7}"
EndProject
Global
	GlobalSection(SolutionConfigurationPlatforms) = preSolution
		Debug|Any CPU = Debug|Any CPU
		Release|Any CPU = Release|Any CPU
	EndGlobalSection
	GlobalSection(ProjectConfigurationPlatforms) = postSolution
		{1853CCBB-2A3C-4E68-A025-4E9C716595A7}.Debug|Any CPU.ActiveCfg = Debug|Any CPU
		{1853CCBB-2A3C-4E68-A025-4E9C716595A7}.Debug|Any CPU.Build.0 = Debug|Any CPU
		{1853CCBB-2A3C-4E68-A025-4E9C716595A7}.Release|Any CPU.ActiveCfg = Release|Any CPU
		{1853CCBB-2A3C-4E68-A025-4E9C716595A7}.Release|Any CPU.Build.0 = Release|Any CPU
	EndGlobalSection
	GlobalSection(SolutionProperties) = preSolution
		HideSolutionNode = FALSE
	EndGlobalSection
	GlobalSection(ExtensibilityGlobals) = postSolution
		SolutionGuid = {904B9192-73DF-45CB-8404-E03F91793F01}
	EndGlobalSection
EndGlobal
